
Microsoft Visual Studio Solution File, Format Version 12.00
# Visual Studio Version 17
VisualStudioVersion = 17.5.33414.496
MinimumVisualStudioVersion = 10.0.40219.1
Project("{8BC9CEB8-8B4A-11D0-8D11-00A0C91BC942}") = "Task", "Task\Task.vcxproj", "{6519F37F-85C8-46B1-9E2E-8FB3BA338BA0}"
EndProject
Global
	GlobalSection(SolutionConfigurationPlatforms) = preSolution
		Debug|x64 = Debug|x64
		Debug|x86 = Debug|x86
		Release|x64 = Release|x64
		Release|x86 = Release|x86
	EndGlobalSection
	GlobalSection(ProjectConfigurationPlatforms) = postSolution
		{6519F37F-85C8-46B1-9E2E-8FB3BA338BA0}.Debug|x64.ActiveCfg = Debug|x64
		{6519F37F-85C8-46B1-9E2E-8FB3BA338BA0}.Debug|x64.Build.0 = Debug|x64
		{6519F37F-85C8-46B1-9E2E-8FB3BA338BA0}.Debug|x86.ActiveCfg = Debug|Win32
		{6519F37F-85C8-46B1-9E2E-8FB3BA338BA0}.Debug|x86.Build.0 = Debug|Win32
		{6519F37F-85C8-46B1-9E2E-8FB3BA338BA0}.Release|x64.ActiveCfg = Release|x64
		{6519F37F-85C8-46B1-9E2E-8FB3BA338BA0}.Release|x64.Build.0 = Release|x64
		{6519F37F-85C8-46B1-9E2E-8FB3BA338BA0}.Release|x86.ActiveCfg = Release|Win32
		{6519F37F-85C8-46B1-9E2E-8FB3BA338BA0}.Release|x86.Build.0 = Release|Win32
	EndGlobalSection
	GlobalSection(SolutionProperties) = preSolution
		HideSolutionNode = FALSE
	EndGlobalSection
	GlobalSection(ExtensibilityGlobals) = postSolution
		SolutionGuid = {C7819485-7A58-49E2-97ED-4791A274ED92}
	EndGlobalSection
EndGlobal
